# THIS IS AN AUTOGENERATED FILE. DO NOT EDIT THIS FILE DIRECTLY.
# yarn lockfile v1


bootstrap-scss@^4.5.3:
  version "4.5.3"
  resolved "https://registry.yarnpkg.com/bootstrap-scss/-/bootstrap-scss-4.5.3.tgz#5a46cd7d3b3efff7ca9d541e70e766d2d1a5b29e"
  integrity sha512-sWnHNg9oFHGWPOIm5j8WkuSLZVWFbfL4OssNe1rsTADzRhKTNCM8mmeRMhhezz8bu+WjJ9xCuEeTZ2lkxolq6A==

bootstrap.native@^3.0.14:
  version "3.0.14"
  resolved "https://registry.yarnpkg.com/bootstrap.native/-/bootstrap.native-3.0.14.tgz#05631cdb03aacb4d8229781a8c7cca6329e6dbef"
  integrity sha512-G/Lwc0flkp1DLe/EB+w4P7sXaTwym0G8pCQr+3WcfN/rMo8Cat+EUn5ChLUX309X/Z67/VnQGO0peX62jRXc1Q==
  dependencies:
    minifill "^0.0.8"
    shorter-js "^0.1.7"

bootstrap@^4.5.3:
  version "4.5.3"
  resolved "https://registry.yarnpkg.com/bootstrap/-/bootstrap-4.5.3.tgz#c6a72b355aaf323920be800246a6e4ef30997fe6"
  integrity sha512-o9ppKQioXGqhw8Z7mah6KdTYpNQY//tipnkxppWhPbiSWdD+1raYsnhwEZjkTHYbGee4cVQ0Rx65EhOY/HNLcQ==

minifill@^0.0.8:
  version "0.0.8"
  resolved "https://registry.yarnpkg.com/minifill/-/minifill-0.0.8.tgz#c6ecef302bee672352986d89257b3c18fc7a9ce5"
  integrity sha512-DOw02Fev6xB40wyie/YJtnIhY0eI+iQ7aBQlSVkOy5OKlFAxob6uG301uvJyMT7F1OeMGfbDexOTabL3uLid1g==

shorter-js@^0.1.7:
  version "0.1.7"
  resolved "https://registry.yarnpkg.com/shorter-js/-/shorter-js-0.1.7.tgz#e02ca55838fa4841553d0fdc49870adde7f5cb19"
  integrity sha512-H7dO5P4a0LndmaRgTsRTHn3Rf2Oy7ocVf6M1ZvYJIIAtOcEnE7lmhQ7bnDzoU22JbN6KR+VgLzhuuSAhMpoxrQ==
